
Microsoft Visual Studio Solution File, Format Version 12.00
# Visual Studio Version 17
VisualStudioVersion = 17.0.31903.59
MinimumVisualStudioVersion = 10.0.40219.1
Project("{FAE04EC0-301F-11D3-BF4B-00C04F79EFBC}") = "Day_04", "Day_04\Day_04.csproj", "{68467371-60F7-4FDD-B0A9-3C1A51746600}"
EndProject
Project("{FAE04EC0-301F-11D3-BF4B-00C04F79EFBC}") = "Day_04.Test", "Day_04.Test\Day_04.Test.csproj", "{606BD15A-FBB5-405A-BA99-DD3A6DAD46B6}"
EndProject
Global
	GlobalSection(SolutionConfigurationPlatforms) = preSolution
		Debug|Any CPU = Debug|Any CPU
		Release|Any CPU = Release|Any CPU
	EndGlobalSection
	GlobalSection(SolutionProperties) = preSolution
		HideSolutionNode = FALSE
	EndGlobalSection
	GlobalSection(ProjectConfigurationPlatforms) = postSolution
		{68467371-60F7-4FDD-B0A9-3C1A51746600}.Debug|Any CPU.ActiveCfg = Debug|Any CPU
		{68467371-60F7-4FDD-B0A9-3C1A51746600}.Debug|Any CPU.Build.0 = Debug|Any CPU
		{68467371-60F7-4FDD-B0A9-3C1A51746600}.Release|Any CPU.ActiveCfg = Release|Any CPU
		{68467371-60F7-4FDD-B0A9-3C1A51746600}.Release|Any CPU.Build.0 = Release|Any CPU
		{606BD15A-FBB5-405A-BA99-DD3A6DAD46B6}.Debug|Any CPU.ActiveCfg = Debug|Any CPU
		{606BD15A-FBB5-405A-BA99-DD3A6DAD46B6}.Debug|Any CPU.Build.0 = Debug|Any CPU
		{606BD15A-FBB5-405A-BA99-DD3A6DAD46B6}.Release|Any CPU.ActiveCfg = Release|Any CPU
		{606BD15A-FBB5-405A-BA99-DD3A6DAD46B6}.Release|Any CPU.Build.0 = Release|Any CPU
	EndGlobalSection
EndGlobal
