
Microsoft Visual Studio Solution File, Format Version 12.00
# Visual Studio Version 17
VisualStudioVersion = 17.0.31903.59
MinimumVisualStudioVersion = 10.0.40219.1
Project("{FAE04EC0-301F-11D3-BF4B-00C04F79EFBC}") = "Day_03", "Day_03\Day_03.csproj", "{43C295D2-98C7-4818-BA86-F7A7D27F38C0}"
EndProject
Project("{FAE04EC0-301F-11D3-BF4B-00C04F79EFBC}") = "Day_03.Test", "Day_03.Test\Day_03.Test.csproj", "{26CFB353-1A90-48AF-8852-751496AD93AA}"
EndProject
Global
	GlobalSection(SolutionConfigurationPlatforms) = preSolution
		Debug|Any CPU = Debug|Any CPU
		Release|Any CPU = Release|Any CPU
	EndGlobalSection
	GlobalSection(SolutionProperties) = preSolution
		HideSolutionNode = FALSE
	EndGlobalSection
	GlobalSection(ProjectConfigurationPlatforms) = postSolution
		{43C295D2-98C7-4818-BA86-F7A7D27F38C0}.Debug|Any CPU.ActiveCfg = Debug|Any CPU
		{43C295D2-98C7-4818-BA86-F7A7D27F38C0}.Debug|Any CPU.Build.0 = Debug|Any CPU
		{43C295D2-98C7-4818-BA86-F7A7D27F38C0}.Release|Any CPU.ActiveCfg = Release|Any CPU
		{43C295D2-98C7-4818-BA86-F7A7D27F38C0}.Release|Any CPU.Build.0 = Release|Any CPU
		{26CFB353-1A90-48AF-8852-751496AD93AA}.Debug|Any CPU.ActiveCfg = Debug|Any CPU
		{26CFB353-1A90-48AF-8852-751496AD93AA}.Debug|Any CPU.Build.0 = Debug|Any CPU
		{26CFB353-1A90-48AF-8852-751496AD93AA}.Release|Any CPU.ActiveCfg = Release|Any CPU
		{26CFB353-1A90-48AF-8852-751496AD93AA}.Release|Any CPU.Build.0 = Release|Any CPU
	EndGlobalSection
EndGlobal
